speakeasyVersion: 1.761.1
sources:
    swagger-json:
        sourceNamespace: swagger-json
        sourceRevisionDigest: sha256:c545604e71f47cce86c7faedfe4d4a366d47a01390a4d3c749867bdf4ec21ce7
        sourceBlobDigest: sha256:b93a3e8c2747bbfc499ec287f19ad3dd22d4c7f5f497b24371092db0f33a0dc9
        tags:
            - latest
            - "1.0"
targets:
    flexprice-go:
        source: swagger-json
        sourceNamespace: swagger-json
        sourceRevisionDigest: sha256:c545604e71f47cce86c7faedfe4d4a366d47a01390a4d3c749867bdf4ec21ce7
        sourceBlobDigest: sha256:b93a3e8c2747bbfc499ec287f19ad3dd22d4c7f5f497b24371092db0f33a0dc9
        codeSamplesNamespace: swagger-json-go-code-samples
        codeSamplesRevisionDigest: sha256:ea4ec29084ae25e242827d7f3191be65e07af455b4a44d1029d07b359e930b69
    flexprice-mcp:
        source: swagger-json-mcp
    flexprice-python:
        source: swagger-json
        sourceNamespace: swagger-json
        sourceRevisionDigest: sha256:c545604e71f47cce86c7faedfe4d4a366d47a01390a4d3c749867bdf4ec21ce7
        sourceBlobDigest: sha256:b93a3e8c2747bbfc499ec287f19ad3dd22d4c7f5f497b24371092db0f33a0dc9
        codeSamplesNamespace: swagger-json-python-code-samples
        codeSamplesRevisionDigest: sha256:564d8504f33bf5ea8da60d68f5de0afc2b6cb7e9672074e0dcd712ca1dd7fc7a
    flexprice-typescript:
        source: swagger-json
        sourceNamespace: swagger-json
        sourceRevisionDigest: sha256:c545604e71f47cce86c7faedfe4d4a366d47a01390a4d3c749867bdf4ec21ce7
        sourceBlobDigest: sha256:b93a3e8c2747bbfc499ec287f19ad3dd22d4c7f5f497b24371092db0f33a0dc9
        codeSamplesNamespace: swagger-json-typescript-code-samples
        codeSamplesRevisionDigest: sha256:40f442b00b0bc20f90d13d1a8d29ca5d538ddd62c0ddb4193a3224607ef9991c
workflow:
    workflowVersion: 1.0.0
    speakeasyVersion: latest
    sources:
        swagger-json:
            inputs:
                - location: docs/swagger/swagger-3-0.json
            overlays:
                - location: .speakeasy/overlays/flexprice-sdk.yaml
            registry:
                location: registry.speakeasyapi.dev/flexprice/prod/swagger-json
        swagger-json-mcp:
            inputs:
                - location: docs/swagger/swagger-3-0-mcp.json
    targets:
        flexprice-go:
            target: go
            source: swagger-json
            output: ./api/go
            codeSamples:
                registry:
                    location: registry.speakeasyapi.dev/flexprice/prod/swagger-json-go-code-samples
                labelOverride:
                    fixedValue: Go (SDK)
                blocking: false
        flexprice-mcp:
            target: mcp-typescript
            source: swagger-json-mcp
            output: ./api/mcp
            publish:
                npm:
                    token: $npm_token
        flexprice-python:
            target: python
            source: swagger-json
            output: ./api/python
            publish:
                pypi:
                    token: $pypi_token
            codeSamples:
                registry:
                    location: registry.speakeasyapi.dev/flexprice/prod/swagger-json-python-code-samples
                labelOverride:
                    fixedValue: Python (SDK)
                blocking: false
        flexprice-typescript:
            target: typescript
            source: swagger-json
            output: ./api/typescript
            publish:
                npm:
                    token: $npm_token
            codeSamples:
                registry:
                    location: registry.speakeasyapi.dev/flexprice/prod/swagger-json-typescript-code-samples
                labelOverride:
                    fixedValue: Typescript (SDK)
                blocking: false
